
Microsoft Visual Studio Solution File, Format Version 12.00
# Visual Studio Version 17
VisualStudioVersion = 17.10.35013.160
MinimumVisualStudioVersion = 10.0.40219.1
Project("{FAE04EC0-301F-11D3-BF4B-00C04F79EFBC}") = "Prog6221PoeRecipeAppP3", "Prog6221PoeRecipeAppP3.csproj", "{65779180-282E-46FA-BD10-4A0922E36326}"
EndProject
Global
	GlobalSection(SolutionConfigurationPlatforms) = preSolution
		Debug|Any CPU = Debug|Any CPU
		Release|Any CPU = Release|Any CPU
	EndGlobalSection
	GlobalSection(ProjectConfigurationPlatforms) = postSolution
		{65779180-282E-46FA-BD10-4A0922E36326}.Debug|Any CPU.ActiveCfg = Debug|Any CPU
		{65779180-282E-46FA-BD10-4A0922E36326}.Debug|Any CPU.Build.0 = Debug|Any CPU
		{65779180-282E-46FA-BD10-4A0922E36326}.Release|Any CPU.ActiveCfg = Release|Any CPU
		{65779180-282E-46FA-BD10-4A0922E36326}.Release|Any CPU.Build.0 = Release|Any CPU
	EndGlobalSection
	GlobalSection(SolutionProperties) = preSolution
		HideSolutionNode = FALSE
	EndGlobalSection
	GlobalSection(ExtensibilityGlobals) = postSolution
		SolutionGuid = {472D402E-DFA9-4CC1-B5F1-AFF815D62B79}
	EndGlobalSection
EndGlobal
